
Microsoft Visual Studio Solution File, Format Version 11.00
# Visual Studio 2010
Project("{E24C65DC-7377-472B-9ABA-BC803B73C61A}") = "SimprotekWeb3.0", ".", "{A756B1B8-B24E-4B04-A1AE-84E3173F61EA}"
	ProjectSection(WebsiteProperties) = preProject
		TargetFrameworkMoniker = ".NETFramework,Version%3Dv2.0"
		Debug.AspNetCompiler.VirtualPath = "/SimprotekWeb3.0"
		Debug.AspNetCompiler.PhysicalPath = "..\SimprotekWeb3.0\"
		Debug.AspNetCompiler.TargetPath = "PrecompiledWeb\SimprotekWeb3.0\"
		Debug.AspNetCompiler.Updateable = "true"
		Debug.AspNetCompiler.ForceOverwrite = "true"
		Debug.AspNetCompiler.FixedNames = "false"
		Debug.AspNetCompiler.Debug = "True"
		Release.AspNetCompiler.VirtualPath = "/SimprotekWeb3.0"
		Release.AspNetCompiler.PhysicalPath = "..\SimprotekWeb3.0\"
		Release.AspNetCompiler.TargetPath = "PrecompiledWeb\SimprotekWeb3.0\"
		Release.AspNetCompiler.Updateable = "true"
		Release.AspNetCompiler.ForceOverwrite = "true"
		Release.AspNetCompiler.FixedNames = "false"
		Release.AspNetCompiler.Debug = "False"
		VWDPort = "59539"
	EndProjectSection
EndProject
Global
	GlobalSection(SolutionConfigurationPlatforms) = preSolution
		Debug|Any CPU = Debug|Any CPU
	EndGlobalSection
	GlobalSection(ProjectConfigurationPlatforms) = postSolution
		{A756B1B8-B24E-4B04-A1AE-84E3173F61EA}.Debug|Any CPU.ActiveCfg = Debug|Any CPU
		{A756B1B8-B24E-4B04-A1AE-84E3173F61EA}.Debug|Any CPU.Build.0 = Debug|Any CPU
	EndGlobalSection
	GlobalSection(SolutionProperties) = preSolution
		HideSolutionNode = FALSE
	EndGlobalSection
EndGlobal
