
Microsoft Visual Studio Solution File, Format Version 9.00
# Visual Studio 2005
Project("{FAE04EC0-301F-11D3-BF4B-00C04F79EFBC}") = "ClassLibrary1", "ClassLibrary1\ClassLibrary1.csproj", "{7D554715-0D78-4405-A42B-3C1A45F4C0BD}"
EndProject
Project("{8BC9CEB8-8B4A-11D0-8D11-00A0C91BC942}") = "AppStartup", "AppStartup\AppStartup.vcproj", "{D500FB1A-5FDD-429A-8FAC-167F881AFFF2}"
EndProject
Project("{FAE04EC0-301F-11D3-BF4B-00C04F79EFBC}") = "ProtectTestUI", "ProtectTestUI\ProtectTestUI.csproj", "{7174E7EF-B794-48EF-9449-6450C22AA104}"
EndProject
Global
	GlobalSection(SolutionConfigurationPlatforms) = preSolution
		Debug|Any CPU = Debug|Any CPU
		Debug|Mixed Platforms = Debug|Mixed Platforms
		Debug|Win32 = Debug|Win32
		Release|Any CPU = Release|Any CPU
		Release|Mixed Platforms = Release|Mixed Platforms
		Release|Win32 = Release|Win32
	EndGlobalSection
	GlobalSection(ProjectConfigurationPlatforms) = postSolution
		{7D554715-0D78-4405-A42B-3C1A45F4C0BD}.Debug|Any CPU.ActiveCfg = Debug|Any CPU
		{7D554715-0D78-4405-A42B-3C1A45F4C0BD}.Debug|Any CPU.Build.0 = Debug|Any CPU
		{7D554715-0D78-4405-A42B-3C1A45F4C0BD}.Debug|Mixed Platforms.ActiveCfg = Debug|Any CPU
		{7D554715-0D78-4405-A42B-3C1A45F4C0BD}.Debug|Mixed Platforms.Build.0 = Debug|Any CPU
		{7D554715-0D78-4405-A42B-3C1A45F4C0BD}.Debug|Win32.ActiveCfg = Debug|Any CPU
		{7D554715-0D78-4405-A42B-3C1A45F4C0BD}.Release|Any CPU.ActiveCfg = Release|Any CPU
		{7D554715-0D78-4405-A42B-3C1A45F4C0BD}.Release|Any CPU.Build.0 = Release|Any CPU
		{7D554715-0D78-4405-A42B-3C1A45F4C0BD}.Release|Mixed Platforms.ActiveCfg = Release|Any CPU
		{7D554715-0D78-4405-A42B-3C1A45F4C0BD}.Release|Mixed Platforms.Build.0 = Release|Any CPU
		{7D554715-0D78-4405-A42B-3C1A45F4C0BD}.Release|Win32.ActiveCfg = Release|Any CPU
		{D500FB1A-5FDD-429A-8FAC-167F881AFFF2}.Debug|Any CPU.ActiveCfg = Debug|Win32
		{D500FB1A-5FDD-429A-8FAC-167F881AFFF2}.Debug|Mixed Platforms.ActiveCfg = Debug|Win32
		{D500FB1A-5FDD-429A-8FAC-167F881AFFF2}.Debug|Mixed Platforms.Build.0 = Debug|Win32
		{D500FB1A-5FDD-429A-8FAC-167F881AFFF2}.Debug|Win32.ActiveCfg = Debug|Win32
		{D500FB1A-5FDD-429A-8FAC-167F881AFFF2}.Debug|Win32.Build.0 = Debug|Win32
		{D500FB1A-5FDD-429A-8FAC-167F881AFFF2}.Release|Any CPU.ActiveCfg = Release|Win32
		{D500FB1A-5FDD-429A-8FAC-167F881AFFF2}.Release|Mixed Platforms.ActiveCfg = Release|Win32
		{D500FB1A-5FDD-429A-8FAC-167F881AFFF2}.Release|Mixed Platforms.Build.0 = Release|Win32
		{D500FB1A-5FDD-429A-8FAC-167F881AFFF2}.Release|Win32.ActiveCfg = Release|Win32
		{D500FB1A-5FDD-429A-8FAC-167F881AFFF2}.Release|Win32.Build.0 = Release|Win32
		{7174E7EF-B794-48EF-9449-6450C22AA104}.Debug|Any CPU.ActiveCfg = Debug|Any CPU
		{7174E7EF-B794-48EF-9449-6450C22AA104}.Debug|Any CPU.Build.0 = Debug|Any CPU
		{7174E7EF-B794-48EF-9449-6450C22AA104}.Debug|Mixed Platforms.ActiveCfg = Debug|Any CPU
		{7174E7EF-B794-48EF-9449-6450C22AA104}.Debug|Mixed Platforms.Build.0 = Debug|Any CPU
		{7174E7EF-B794-48EF-9449-6450C22AA104}.Debug|Win32.ActiveCfg = Debug|Any CPU
		{7174E7EF-B794-48EF-9449-6450C22AA104}.Release|Any CPU.ActiveCfg = Release|Any CPU
		{7174E7EF-B794-48EF-9449-6450C22AA104}.Release|Any CPU.Build.0 = Release|Any CPU
		{7174E7EF-B794-48EF-9449-6450C22AA104}.Release|Mixed Platforms.ActiveCfg = Release|Any CPU
		{7174E7EF-B794-48EF-9449-6450C22AA104}.Release|Mixed Platforms.Build.0 = Release|Any CPU
		{7174E7EF-B794-48EF-9449-6450C22AA104}.Release|Win32.ActiveCfg = Release|Any CPU
	EndGlobalSection
	GlobalSection(SolutionProperties) = preSolution
		HideSolutionNode = FALSE
	EndGlobalSection
EndGlobal
