
Microsoft Visual Studio Solution File, Format Version 9.00
# Visual Studio 2005
Project("{FAE04EC0-301F-11D3-BF4B-00C04F79EFBC}") = "MachineName", "MachineName.csproj", "{37C99E7C-BA85-46F0-9E10-6C46E1B0EAAC}"
EndProject
Global
	GlobalSection(SolutionConfigurationPlatforms) = preSolution
		Debug|Any CPU = Debug|Any CPU
		Release|Any CPU = Release|Any CPU
	EndGlobalSection
	GlobalSection(ProjectConfigurationPlatforms) = postSolution
		{37C99E7C-BA85-46F0-9E10-6C46E1B0EAAC}.Debug|Any CPU.ActiveCfg = Release|Any CPU
		{37C99E7C-BA85-46F0-9E10-6C46E1B0EAAC}.Debug|Any CPU.Build.0 = Release|Any CPU
		{37C99E7C-BA85-46F0-9E10-6C46E1B0EAAC}.Release|Any CPU.ActiveCfg = Release|Any CPU
		{37C99E7C-BA85-46F0-9E10-6C46E1B0EAAC}.Release|Any CPU.Build.0 = Release|Any CPU
	EndGlobalSection
	GlobalSection(SolutionProperties) = preSolution
		HideSolutionNode = FALSE
	EndGlobalSection
EndGlobal
